
Microsoft Visual Studio Solution File, Format Version 12.00
# Visual Studio Version 17
VisualStudioVersion = 17.5.33627.172
MinimumVisualStudioVersion = 10.0.40219.1
Project("{FAE04EC0-301F-11D3-BF4B-00C04F79EFBC}") = "Zadanie1", "Zadanie1.csproj", "{EC0D4958-285D-4D7B-BF07-88A8F842F8C6}"
EndProject
Global
	GlobalSection(SolutionConfigurationPlatforms) = preSolution
		Debug|Any CPU = Debug|Any CPU
		Release|Any CPU = Release|Any CPU
	EndGlobalSection
	GlobalSection(ProjectConfigurationPlatforms) = postSolution
		{EC0D4958-285D-4D7B-BF07-88A8F842F8C6}.Debug|Any CPU.ActiveCfg = Debug|Any CPU
		{EC0D4958-285D-4D7B-BF07-88A8F842F8C6}.Debug|Any CPU.Build.0 = Debug|Any CPU
		{EC0D4958-285D-4D7B-BF07-88A8F842F8C6}.Release|Any CPU.ActiveCfg = Release|Any CPU
		{EC0D4958-285D-4D7B-BF07-88A8F842F8C6}.Release|Any CPU.Build.0 = Release|Any CPU
	EndGlobalSection
	GlobalSection(SolutionProperties) = preSolution
		HideSolutionNode = FALSE
	EndGlobalSection
	GlobalSection(ExtensibilityGlobals) = postSolution
		SolutionGuid = {CFC000B8-9218-4672-93DE-081DF66B2308}
	EndGlobalSection
EndGlobal
